
Microsoft Visual Studio Solution File, Format Version 12.00
# Visual Studio Version 17
VisualStudioVersion = 17.5.33424.131
MinimumVisualStudioVersion = 10.0.40219.1
Project("{FAE04EC0-301F-11D3-BF4B-00C04F79EFBC}") = "Technology", "Technology.csproj", "{E1149CCF-3618-488F-8125-7B0B96CC0907}"
EndProject
Global
	GlobalSection(SolutionConfigurationPlatforms) = preSolution
		Debug|Any CPU = Debug|Any CPU
		Release|Any CPU = Release|Any CPU
	EndGlobalSection
	GlobalSection(ProjectConfigurationPlatforms) = postSolution
		{E1149CCF-3618-488F-8125-7B0B96CC0907}.Debug|Any CPU.ActiveCfg = Debug|Any CPU
		{E1149CCF-3618-488F-8125-7B0B96CC0907}.Debug|Any CPU.Build.0 = Debug|Any CPU
		{E1149CCF-3618-488F-8125-7B0B96CC0907}.Release|Any CPU.ActiveCfg = Release|Any CPU
		{E1149CCF-3618-488F-8125-7B0B96CC0907}.Release|Any CPU.Build.0 = Release|Any CPU
	EndGlobalSection
	GlobalSection(SolutionProperties) = preSolution
		HideSolutionNode = FALSE
	EndGlobalSection
	GlobalSection(ExtensibilityGlobals) = postSolution
		SolutionGuid = {54F1DCCB-7CFC-4BE6-8D32-256074A4DA86}
	EndGlobalSection
EndGlobal
